{
  "name": "sepcview",
  "lockfileVersion": 3,
  "requires": true,
  "packages": {
    "": {
      "dependencies": {
        "@wails/runtime": "^1.3.20"
      }
    },
    "node_modules/@wails/runtime": {
      "version": "1.3.20",
      "resolved": "https://registry.npmjs.org/@wails/runtime/-/runtime-1.3.20.tgz",
      "integrity": "sha512-CGX//m90re65ovCGqFMdABhQCdzH8pmHlCHallzRaAt432ClPtGO0MZBoHasE+HZYcYodZKKnzHgn8sssLswtw==",
      "license": "MIT"
    }
  }
}
